
Microsoft Visual Studio Solution File, Format Version 12.00
# Visual Studio Version 17
VisualStudioVersion = 17.10.35004.147
MinimumVisualStudioVersion = 10.0.40219.1
Project("{FAE04EC0-301F-11D3-BF4B-00C04F79EFBC}") = "blog-list-net-backend", "blog-list-net-backend.csproj", "{6039E159-0AD3-41DF-87AA-643AB268D710}"
EndProject
Global
	GlobalSection(SolutionConfigurationPlatforms) = preSolution
		Debug|Any CPU = Debug|Any CPU
		Release|Any CPU = Release|Any CPU
	EndGlobalSection
	GlobalSection(ProjectConfigurationPlatforms) = postSolution
		{6039E159-0AD3-41DF-87AA-643AB268D710}.Debug|Any CPU.ActiveCfg = Debug|Any CPU
		{6039E159-0AD3-41DF-87AA-643AB268D710}.Debug|Any CPU.Build.0 = Debug|Any CPU
		{6039E159-0AD3-41DF-87AA-643AB268D710}.Release|Any CPU.ActiveCfg = Release|Any CPU
		{6039E159-0AD3-41DF-87AA-643AB268D710}.Release|Any CPU.Build.0 = Release|Any CPU
	EndGlobalSection
	GlobalSection(SolutionProperties) = preSolution
		HideSolutionNode = FALSE
	EndGlobalSection
	GlobalSection(ExtensibilityGlobals) = postSolution
		SolutionGuid = {EBDA0F26-BA0F-4940-9682-5F968CE550FF}
	EndGlobalSection
EndGlobal
